{
  "name": "Hackthon2_0",
  "lockfileVersion": 3,
  "requires": true,
  "packages": {
    "": {
      "dependencies": {
        "react-google-translator": "^1.0.2"
      }
    },
    "node_modules/react-google-translator": {
      "version": "1.0.2",
      "resolved": "https://registry.npmjs.org/react-google-translator/-/react-google-translator-1.0.2.tgz",
      "integrity": "sha512-CutApwfkZRMSvRO6HO1JuCFPpGf2jBRT6U9HZn6fAOcQV7QzohGlXzVJjGEYlZtHy8yXGo7xSMOeRtOvKR4Yow==",
      "license": "MIT",
      "peerDependencies": {
        "axios": "^0.27.2",
        "query-string": "^7.1.1",
        "react": "^18.2.0"
      }
    }
  }
}
